github.com/fatih/color v1.7.0 h1:DkWD4oS2D8LGGgTQ6IvwJJXSL5Vp2ffcQg58nFV38Ys=
github.com/fatih/color v1.7.0/go.mod h1:Zm6kSWBoL9eyXnKyktHP6abPY2pDugNf5KwzbycvMj4=
github.com/mattn/go-colorable v0.0.9 h1:UVL0vNpWh04HeJXV0KLcaT7r06gOH2l4OW6ddYRUIY4=
github.com/mattn/go-colorable v0.0.9/go.mod h1:9vuHe8Xs5qXnSaW/c/ABM9alt+Vo+STaOChaDxuIBZU=
github.com/mattn/go-isatty v0.0.4 h1:bnP0vzxcAdeI1zdubAl5PjU6zsERjGZb7raWodagDYs=
github.com/mattn/go-isatty v0.0.4/go.mod h1:M+lRXTBqGeGNdLjl/ufCoiOlB5xdOkqRJdNxMWT7Zi4=
go.coder.com/cli v0.2.0 h1:MPUq23O8xcDyHHJBwWI6yJzk4YkUTSzCBmLQeO8ze+k=
go.coder.com/cli v0.2.0/go.mod h1:pbVagI9YH/HHMManxPFML4P527GDREwsb+yciZ7mtB8=
go.coder.com/flog v0.0.0-20190605202805-21116b2c5bd8 h1:4uu3IGoY2Jsd9fvQ0CkPRrbgyjU8Rn4YUmQSf/MENl4=
go.coder.com/flog v0.0.0-20190605202805-21116b2c5bd8/go.mod h1:83JsYgXYv0EOaXjIMnaZ1Fl6ddNB3fJnDZ/8845mUJ8=
golang.org/x/xerrors v0.0.0-20190513163551-3ee3066db522 h1:bhOzK9QyoD0ogCnFro1m2mz41+Ib0oOhfJnBp5MR4K4=
golang.org/x/xerrors v0.0.0-20190513163551-3ee3066db522/go.mod h1:I/5z698sn9Ka8TeJc9MKroUUfqBBauWjQqLJ2OPfmY0=
